<?xml version="1.0" encoding="utf-8"?>
<Project ToolsVersion="4.0" xmlns="http://schemas.microsoft.com/developer/msbuild/2003">
  <ItemGroup>
    <Filter Include="Source Files">
      <UniqueIdentifier>{4FC737F1-C7A5-4376-A066-2A32D752A2FF}</UniqueIdentifier>
      <Extensions>cpp;c;cc;cxx;def;odl;idl;hpj;bat;asm;asmx</Extensions>
    </Filter>
    <Filter Include="Header Files">
      <UniqueIdentifier>{93995380-89BD-4b04-88EB-625FBE52EBFB}</UniqueIdentifier>
      <Extensions>h;hh;hpp;hxx;hm;inl;inc;xsd</Extensions>
    </Filter>
    <Filter Include="Resource Files">
      <UniqueIdentifier>{67DA6AB6-F800-4c08-8B7A-83BB121AAD01}</UniqueIdentifier>
      <Extensions>rc;ico;cur;bmp;dlg;rc2;rct;bin;rgs;gif;jpg;jpeg;jpe;resx;tiff;tif;png;wav;mfcribbon-ms</Extensions>
    </Filter>
    <Filter Include="Source Files\Test">
      <UniqueIdentifier>{4712c2bf-deeb-4064-b815-7d07cddbd730}</UniqueIdentifier>
    </Filter>
  </ItemGroup>
  <ItemGroup>
    <ClInclude Include="AlignedAlloc.h">
      <Filter>Header Files</Filter>
    </ClInclude>
    <ClInclude Include="Any.hpp">
      <Filter>Header Files</Filter>
    </ClInclude>
    <ClInclude Include="Console.h">
      <Filter>Header Files</Filter>
    </ClInclude>
    <ClInclude Include="Console.hpp">
      <Filter>Header Files</Filter>
    </ClInclude>
    <ClInclude Include="Defines.h">
      <Filter>Header Files</Filter>
    </ClInclude>
    <ClInclude Include="Dictionary.h">
      <Filter>Header Files</Filter>
    </ClInclude>
    <ClInclude Include="Dictionary.hpp">
      <Filter>Header Files</Filter>
    </ClInclude>
    <ClInclude Include="dtoa_milo.h">
      <Filter>Header Files</Filter>
    </ClInclude>
    <ClInclude Include="Function.h">
      <Filter>Header Files</Filter>
    </ClInclude>
    <ClInclude Include="HashMap.h">
      <Filter>Header Files</Filter>
    </ClInclude>
    <ClInclude Include="HashMap.hpp">
      <Filter>Header Files</Filter>
    </ClInclude>
    <ClInclude Include="HashSet.h">
      <Filter>Header Files</Filter>
    </ClInclude>
    <ClInclude Include="HashSet.hpp">
      <Filter>Header Files</Filter>
    </ClInclude>
    <ClInclude Include="List.h">
      <Filter>Header Files</Filter>
    </ClInclude>
    <ClInclude Include="List.hpp">
      <Filter>Header Files</Filter>
    </ClInclude>
    <ClInclude Include="Map.h">
      <Filter>Header Files</Filter>
    </ClInclude>
    <ClInclude Include="Map.hpp">
      <Filter>Header Files</Filter>
    </ClInclude>
    <ClInclude Include="MemoryPool.h">
      <Filter>Header Files</Filter>
    </ClInclude>
    <ClInclude Include="Pair.h">
      <Filter>Header Files</Filter>
    </ClInclude>
    <ClInclude Include="PriorityQueue.h">
      <Filter>Header Files</Filter>
    </ClInclude>
    <ClInclude Include="PriorityQueue.hpp">
      <Filter>Header Files</Filter>
    </ClInclude>
    <ClInclude Include="Queue.h">
      <Filter>Header Files</Filter>
    </ClInclude>
    <ClInclude Include="Queue.hpp">
      <Filter>Header Files</Filter>
    </ClInclude>
    <ClInclude Include="Random.h">
      <Filter>Header Files</Filter>
    </ClInclude>
    <ClInclude Include="RBTree.h">
      <Filter>Header Files</Filter>
    </ClInclude>
    <ClInclude Include="RBTree.hpp">
      <Filter>Header Files</Filter>
    </ClInclude>
    <ClInclude Include="RBTree2.h">
      <Filter>Header Files</Filter>
    </ClInclude>
    <ClInclude Include="RBTree2.hpp">
      <Filter>Header Files</Filter>
    </ClInclude>
    <ClInclude Include="Serialization.h">
      <Filter>Header Files</Filter>
    </ClInclude>
    <ClInclude Include="Serialization.hpp">
      <Filter>Header Files</Filter>
    </ClInclude>
    <ClInclude Include="Set.h">
      <Filter>Header Files</Filter>
    </ClInclude>
    <ClInclude Include="Set.hpp">
      <Filter>Header Files</Filter>
    </ClInclude>
    <ClInclude Include="Singleton.h">
      <Filter>Header Files</Filter>
    </ClInclude>
    <ClInclude Include="SkipList.h">
      <Filter>Header Files</Filter>
    </ClInclude>
    <ClInclude Include="SkipList.hpp">
      <Filter>Header Files</Filter>
    </ClInclude>
    <ClInclude Include="Stack.h">
      <Filter>Header Files</Filter>
    </ClInclude>
    <ClInclude Include="Stack.hpp">
      <Filter>Header Files</Filter>
    </ClInclude>
    <ClInclude Include="StopWatch.h">
      <Filter>Header Files</Filter>
    </ClInclude>
    <ClInclude Include="String.h">
      <Filter>Header Files</Filter>
    </ClInclude>
    <ClInclude Include="String.hpp">
      <Filter>Header Files</Filter>
    </ClInclude>
    <ClInclude Include="Utils.h">
      <Filter>Header Files</Filter>
    </ClInclude>
    <ClInclude Include="Utils.hpp">
      <Filter>Header Files</Filter>
    </ClInclude>
    <ClInclude Include="Vector.h">
      <Filter>Header Files</Filter>
    </ClInclude>
    <ClInclude Include="Vector.hpp">
      <Filter>Header Files</Filter>
    </ClInclude>
    <ClInclude Include="Test\All.h">
      <Filter>Source Files\Test</Filter>
    </ClInclude>
    <ClInclude Include="Test\Any_Test.h">
      <Filter>Source Files\Test</Filter>
    </ClInclude>
    <ClInclude Include="Test\Dictionary_Test.h">
      <Filter>Source Files\Test</Filter>
    </ClInclude>
    <ClInclude Include="Test\HashMap_Compare.h">
      <Filter>Source Files\Test</Filter>
    </ClInclude>
    <ClInclude Include="Test\HashMap_Test.h">
      <Filter>Source Files\Test</Filter>
    </ClInclude>
    <ClInclude Include="Test\HashSet_Compare.h">
      <Filter>Source Files\Test</Filter>
    </ClInclude>
    <ClInclude Include="Test\HashSet_Test.h">
      <Filter>Source Files\Test</Filter>
    </ClInclude>
    <ClInclude Include="Test\List_Compare.h">
      <Filter>Source Files\Test</Filter>
    </ClInclude>
    <ClInclude Include="Test\List_Test.h">
      <Filter>Source Files\Test</Filter>
    </ClInclude>
    <ClInclude Include="Test\MakeIndexSequence_Test.h">
      <Filter>Source Files\Test</Filter>
    </ClInclude>
    <ClInclude Include="Test\Map_Compare.h">
      <Filter>Source Files\Test</Filter>
    </ClInclude>
    <ClInclude Include="Test\Map_Test.h">
      <Filter>Source Files\Test</Filter>
    </ClInclude>
    <ClInclude Include="Test\MemoryPoolTest.h">
      <Filter>Source Files\Test</Filter>
    </ClInclude>
    <ClInclude Include="Test\MultiMap_Test.h">
      <Filter>Source Files\Test</Filter>
    </ClInclude>
    <ClInclude Include="Test\MultiSet_Test.h">
      <Filter>Source Files\Test</Filter>
    </ClInclude>
    <ClInclude Include="Test\Other_Test.h">
      <Filter>Source Files\Test</Filter>
    </ClInclude>
    <ClInclude Include="Test\PriorityQueue_Test.h">
      <Filter>Source Files\Test</Filter>
    </ClInclude>
    <ClInclude Include="Test\Queue_Test.h">
      <Filter>Source Files\Test</Filter>
    </ClInclude>
    <ClInclude Include="Test\Serialization_Test.h">
      <Filter>Source Files\Test</Filter>
    </ClInclude>
    <ClInclude Include="Test\Set_Compare.h">
      <Filter>Source Files\Test</Filter>
    </ClInclude>
    <ClInclude Include="Test\Set_Test.h">
      <Filter>Source Files\Test</Filter>
    </ClInclude>
    <ClInclude Include="Test\SkipList_Test.h">
      <Filter>Source Files\Test</Filter>
    </ClInclude>
    <ClInclude Include="Test\Stack_Test.h">
      <Filter>Source Files\Test</Filter>
    </ClInclude>
    <ClInclude Include="Test\String_Test.h">
      <Filter>Source Files\Test</Filter>
    </ClInclude>
    <ClInclude Include="Test\Variant_Test.h">
      <Filter>Source Files\Test</Filter>
    </ClInclude>
    <ClInclude Include="Test\Vector_Compare.h">
      <Filter>Source Files\Test</Filter>
    </ClInclude>
    <ClInclude Include="Test\Vector_Test.h">
      <Filter>Source Files\Test</Filter>
    </ClInclude>
    <ClInclude Include="SizeBalanceTree.hpp">
      <Filter>Header Files</Filter>
    </ClInclude>
    <ClInclude Include="Test\SizeBalanceTree_Test.h">
      <Filter>Source Files\Test</Filter>
    </ClInclude>
    <ClInclude Include="CMHashMap.hpp">
      <Filter>Header Files</Filter>
    </ClInclude>
    <ClInclude Include="CMHashSet.hpp">
      <Filter>Header Files</Filter>
    </ClInclude>
    <ClInclude Include="Test\CMHashMap_Test.h">
      <Filter>Source Files\Test</Filter>
    </ClInclude>
    <ClInclude Include="Test\CMHashSet_Test.h">
      <Filter>Source Files\Test</Filter>
    </ClInclude>
    <ClInclude Include="RedBlackTree.hpp">
      <Filter>Header Files</Filter>
    </ClInclude>
    <ClInclude Include="Test\HashMultiMap_Compare.h">
      <Filter>Source Files\Test</Filter>
    </ClInclude>
    <ClInclude Include="Test\Multimap_Compare.h">
      <Filter>Source Files\Test</Filter>
    </ClInclude>
    <ClInclude Include="Test\RedBlackTree_Test.h">
      <Filter>Source Files\Test</Filter>
    </ClInclude>
    <ClInclude Include="Test\AVLTree_Test.h">
      <Filter>Source Files\Test</Filter>
    </ClInclude>
    <ClInclude Include="SharedPtr.hpp">
      <Filter>Header Files</Filter>
    </ClInclude>
    <ClInclude Include="Test\SharedPtr_Test.h">
      <Filter>Source Files\Test</Filter>
    </ClInclude>
    <ClInclude Include="Test\HashMultiSet_Compare.h">
      <Filter>Source Files\Test</Filter>
    </ClInclude>
    <ClInclude Include="Test\MultiSet_Compare.h">
      <Filter>Source Files\Test</Filter>
    </ClInclude>
    <ClInclude Include="Timer.hpp">
      <Filter>Header Files</Filter>
    </ClInclude>
    <ClInclude Include="Test\TimerTest.h">
      <Filter>Source Files\Test</Filter>
    </ClInclude>
    <ClInclude Include="CheckMemberExist.h">
      <Filter>Header Files</Filter>
    </ClInclude>
    <ClInclude Include="Test\CheckMember_Test.h">
      <Filter>Source Files\Test</Filter>
    </ClInclude>
    <ClInclude Include="Traits.hpp">
      <Filter>Header Files</Filter>
    </ClInclude>
    <ClInclude Include="Test\Traits_Test.h">
      <Filter>Source Files\Test</Filter>
    </ClInclude>
    <ClInclude Include="Tuple.hpp">
      <Filter>Header Files</Filter>
    </ClInclude>
    <ClInclude Include="Test\Tuple_Test.h">
      <Filter>Source Files\Test</Filter>
    </ClInclude>
    <ClInclude Include="AjyLib.h">
      <Filter>Header Files</Filter>
    </ClInclude>
    <ClInclude Include="Allocator.hpp">
      <Filter>Header Files</Filter>
    </ClInclude>
    <ClInclude Include="TypeList.hpp">
      <Filter>Header Files</Filter>
    </ClInclude>
    <ClInclude Include="Test\TypeList_Test.h">
      <Filter>Source Files\Test</Filter>
    </ClInclude>
    <ClInclude Include="Bind.hpp">
      <Filter>Header Files</Filter>
    </ClInclude>
    <ClInclude Include="Test\Bind_Test.h">
      <Filter>Source Files\Test</Filter>
    </ClInclude>
    <ClInclude Include="Test\Function_Test.h">
      <Filter>Source Files\Test</Filter>
    </ClInclude>
    <ClInclude Include="Invoke.hpp">
      <Filter>Header Files</Filter>
    </ClInclude>
    <ClInclude Include="CacheAffinityHash.h">
      <Filter>Header Files</Filter>
    </ClInclude>
    <ClInclude Include="Test\CacheAffinityHash_Test.h">
      <Filter>Source Files\Test</Filter>
    </ClInclude>
    <ClInclude Include="Variant.hpp">
      <Filter>Header Files</Filter>
    </ClInclude>
    <ClInclude Include="AVLTree.hpp">
      <Filter>Header Files</Filter>
    </ClInclude>
    <ClInclude Include="ThreadSafeQueue.hpp">
      <Filter>Header Files</Filter>
    </ClInclude>
    <ClInclude Include="BTree.hpp">
      <Filter>Header Files</Filter>
    </ClInclude>
    <ClInclude Include="BppTree.hpp">
      <Filter>Header Files</Filter>
    </ClInclude>
    <ClInclude Include="Test\BppTree_Test.h">
      <Filter>Source Files\Test</Filter>
    </ClInclude>
    <ClInclude Include="AVLTree1.hpp">
      <Filter>Header Files</Filter>
    </ClInclude>
  </ItemGroup>
  <ItemGroup>
    <Natvis Include="HashMap.natvis">
      <Filter>Header Files</Filter>
    </Natvis>
    <Natvis Include="List.natvis">
      <Filter>Header Files</Filter>
    </Natvis>
    <Natvis Include="String.natvis">
      <Filter>Header Files</Filter>
    </Natvis>
    <Natvis Include="Vector.natvis">
      <Filter>Header Files</Filter>
    </Natvis>
    <Natvis Include="SkipList.natvis">
      <Filter>Header Files</Filter>
    </Natvis>
    <Natvis Include="SizeBalanceTree.natvis">
      <Filter>Header Files</Filter>
    </Natvis>
    <Natvis Include="CMHashMap.natvis">
      <Filter>Header Files</Filter>
    </Natvis>
    <Natvis Include="RedBlackTree.natvis">
      <Filter>Header Files</Filter>
    </Natvis>
    <Natvis Include="AVLTree.natvis">
      <Filter>Header Files</Filter>
    </Natvis>
    <Natvis Include="CacheAffinityHash.natvis">
      <Filter>Header Files</Filter>
    </Natvis>
    <Natvis Include="BTree.natvis">
      <Filter>Header Files</Filter>
    </Natvis>
    <Natvis Include="BppTree.natvis">
      <Filter>Header Files</Filter>
    </Natvis>
    <Natvis Include="AVLTree1.natvis">
      <Filter>Header Files</Filter>
    </Natvis>
  </ItemGroup>
  <ItemGroup>
    <ClCompile Include="dtoa_milo.cpp">
      <Filter>Header Files</Filter>
    </ClCompile>
    <ClCompile Include="MemoryPool.cpp">
      <Filter>Header Files</Filter>
    </ClCompile>
    <ClCompile Include="Serialization.cpp">
      <Filter>Header Files</Filter>
    </ClCompile>
    <ClCompile Include="String.cpp">
      <Filter>Header Files</Filter>
    </ClCompile>
    <ClCompile Include="Utils.cpp">
      <Filter>Header Files</Filter>
    </ClCompile>
    <ClCompile Include="Vector.cpp">
      <Filter>Header Files</Filter>
    </ClCompile>
    <ClCompile Include="Test\mainFun.cpp">
      <Filter>Source Files\Test</Filter>
    </ClCompile>
  </ItemGroup>
</Project>